Microsoft Visual Studio Solution File, Format Version 11.00
# Visual Studio 2008

Project("{CD00BFEA-0911-9B24-DA6B-78D0D43EC409}") = "FYP-master", "Assembly-CSharp-firstpass.csproj", "{3DDA1CE2-2A0D-3825-0395-058EADDFAE8D}"
EndProject
Project("{CD00BFEA-0911-9B24-DA6B-78D0D43EC409}") = "FYP-master", "Assembly-CSharp.csproj", "{CC3EE3B6-3552-D4A2-9377-3D1BCBC15047}"
EndProject
Project("{CD00BFEA-0911-9B24-DA6B-78D0D43EC409}") = "FYP-master", "Assembly-CSharp-Editor.csproj", "{FC7F864C-39C6-5F97-56EE-7F5EBF892EF5}"
EndProject
Global
	GlobalSection(SolutionConfigurationPlatforms) = preSolution
		Debug|Any CPU = Debug|Any CPU
		Release|Any CPU = Release|Any CPU
	EndGlobalSection
	GlobalSection(ProjectConfigurationPlatforms) = postSolution
		{3DDA1CE2-2A0D-3825-0395-058EADDFAE8D}.Debug|Any CPU.ActiveCfg = Debug|Any CPU
		{3DDA1CE2-2A0D-3825-0395-058EADDFAE8D}.Debug|Any CPU.Build.0 = Debug|Any CPU
		{3DDA1CE2-2A0D-3825-0395-058EADDFAE8D}.Release|Any CPU.ActiveCfg = Release|Any CPU
		{3DDA1CE2-2A0D-3825-0395-058EADDFAE8D}.Release|Any CPU.Build.0 = Release|Any CPU
		{CC3EE3B6-3552-D4A2-9377-3D1BCBC15047}.Debug|Any CPU.ActiveCfg = Debug|Any CPU
		{CC3EE3B6-3552-D4A2-9377-3D1BCBC15047}.Debug|Any CPU.Build.0 = Debug|Any CPU
		{CC3EE3B6-3552-D4A2-9377-3D1BCBC15047}.Release|Any CPU.ActiveCfg = Release|Any CPU
		{CC3EE3B6-3552-D4A2-9377-3D1BCBC15047}.Release|Any CPU.Build.0 = Release|Any CPU
		{FC7F864C-39C6-5F97-56EE-7F5EBF892EF5}.Debug|Any CPU.ActiveCfg = Debug|Any CPU
		{FC7F864C-39C6-5F97-56EE-7F5EBF892EF5}.Debug|Any CPU.Build.0 = Debug|Any CPU
		{FC7F864C-39C6-5F97-56EE-7F5EBF892EF5}.Release|Any CPU.ActiveCfg = Release|Any CPU
		{FC7F864C-39C6-5F97-56EE-7F5EBF892EF5}.Release|Any CPU.Build.0 = Release|Any CPU
	EndGlobalSection
	GlobalSection(SolutionProperties) = preSolution
		HideSolutionNode = FALSE
	EndGlobalSection
														GlobalSection(MonoDevelopProperties) = preSolution
		StartupItem = Assembly-CSharp.csproj
		Policies = $0
		$0.TextStylePolicy = $1
		$1.inheritsSet = null
		$1.scope = text/x-csharp
		$0.CSharpFormattingPolicy = $2
		$2.inheritsSet = Mono
		$2.inheritsScope = text/x-csharp
		$2.scope = text/x-csharp
		$0.TextStylePolicy = $3
		$3.FileWidth = 120
		$3.TabWidth = 4
		$3.IndentWidth = 4
		$3.EolMarker = Unix
		$3.inheritsSet = Mono
		$3.inheritsScope = text/plain
		$3.scope = text/plain
	EndGlobalSection

EndGlobal
