
Microsoft Visual Studio Solution File, Format Version 12.00
# Visual Studio 2015
Project("{FAE04EC0-301F-11D3-BF4B-00C04F79EFBC}") = "FYP.CSharp.Plugins", "FYP.CSharp.Plugins.csproj", "{0A9FB9A2-4AEA-0B44-CEFD-FE77F26BEA12}"
EndProject
Project("{FAE04EC0-301F-11D3-BF4B-00C04F79EFBC}") = "FYP.CSharp", "FYP.CSharp.csproj", "{ABFAFFE0-C19D-684B-5507-441F759D6F1F}"
EndProject
Project("{FAE04EC0-301F-11D3-BF4B-00C04F79EFBC}") = "FYP.CSharp.Editor", "FYP.CSharp.Editor.csproj", "{9F7053F8-B537-CC44-68EE-7C7E346B5706}"
EndProject
Global
	GlobalSection(SolutionConfigurationPlatforms) = preSolution
		Debug|Any CPU = Debug|Any CPU
		Release|Any CPU = Release|Any CPU
	EndGlobalSection
	GlobalSection(ProjectConfigurationPlatforms) = postSolution
		{0A9FB9A2-4AEA-0B44-CEFD-FE77F26BEA12}.Debug|Any CPU.ActiveCfg = Debug|Any CPU
		{0A9FB9A2-4AEA-0B44-CEFD-FE77F26BEA12}.Debug|Any CPU.Build.0 = Debug|Any CPU
		{0A9FB9A2-4AEA-0B44-CEFD-FE77F26BEA12}.Release|Any CPU.ActiveCfg = Release|Any CPU
		{0A9FB9A2-4AEA-0B44-CEFD-FE77F26BEA12}.Release|Any CPU.Build.0 = Release|Any CPU
		{ABFAFFE0-C19D-684B-5507-441F759D6F1F}.Debug|Any CPU.ActiveCfg = Debug|Any CPU
		{ABFAFFE0-C19D-684B-5507-441F759D6F1F}.Debug|Any CPU.Build.0 = Debug|Any CPU
		{ABFAFFE0-C19D-684B-5507-441F759D6F1F}.Release|Any CPU.ActiveCfg = Release|Any CPU
		{ABFAFFE0-C19D-684B-5507-441F759D6F1F}.Release|Any CPU.Build.0 = Release|Any CPU
		{9F7053F8-B537-CC44-68EE-7C7E346B5706}.Debug|Any CPU.ActiveCfg = Debug|Any CPU
		{9F7053F8-B537-CC44-68EE-7C7E346B5706}.Debug|Any CPU.Build.0 = Debug|Any CPU
		{9F7053F8-B537-CC44-68EE-7C7E346B5706}.Release|Any CPU.ActiveCfg = Release|Any CPU
		{9F7053F8-B537-CC44-68EE-7C7E346B5706}.Release|Any CPU.Build.0 = Release|Any CPU
	EndGlobalSection
	GlobalSection(SolutionProperties) = preSolution
		HideSolutionNode = FALSE
	EndGlobalSection
EndGlobal
